
Microsoft Visual Studio Solution File, Format Version 12.00
# Visual Studio 2013
VisualStudioVersion = 12.0.30324.0
MinimumVisualStudioVersion = 10.0.40219.1
Project("{2150E333-8FDC-42A3-9474-1A3956D46DE8}") = "Coding4Fun", "Coding4Fun", "{50947240-1BEA-4544-975F-C79C5F099D06}"
EndProject
Project("{8BC9CEB8-8B4A-11D0-8D11-00A0C91BC942}") = "Coding4Fun.Shared", "Coding4Fun\Coding4Fun.Shared\Coding4Fun.Shared.vcxitems", "{7EFCF217-399D-46BC-82E6-4B8718BB86E3}"
EndProject
Project("{8BC9CEB8-8B4A-11D0-8D11-00A0C91BC942}") = "Coding4Fun.Windows", "Coding4Fun\Coding4Fun.Windows\Coding4Fun.Windows.vcxproj", "{A62724BD-8620-48B9-876B-086461DE90AE}"
EndProject
Project("{8BC9CEB8-8B4A-11D0-8D11-00A0C91BC942}") = "Coding4Fun.WindowsPhone", "Coding4Fun\Coding4Fun.WindowsPhone\Coding4Fun.WindowsPhone.vcxproj", "{31434BA9-300F-4618-B564-88EC75233708}"
EndProject
Project("{FAE04EC0-301F-11D3-BF4B-00C04F79EFBC}") = "FallFury.XMLReader", "..\FallFury\FallFury.XMLReader\FallFury.XMLReader\FallFury.XMLReader.csproj", "{73904823-7D1F-48E7-91DE-22E89368E6D5}"
EndProject
Global
	GlobalSection(SharedMSBuildProjectFiles) = preSolution
		Coding4Fun\Coding4Fun.Shared\Coding4Fun.Shared.vcxitems*{31434ba9-300f-4618-b564-88ec75233708}*SharedItemsImports = 4
		Coding4Fun\Coding4Fun.Shared\Coding4Fun.Shared.vcxitems*{7efcf217-399d-46bc-82e6-4b8718bb86e3}*SharedItemsImports = 9
		Coding4Fun\Coding4Fun.Shared\Coding4Fun.Shared.vcxitems*{a62724bd-8620-48b9-876b-086461de90ae}*SharedItemsImports = 4
	EndGlobalSection
	GlobalSection(SolutionConfigurationPlatforms) = preSolution
		ARM - Debug|Any CPU = ARM - Debug|Any CPU
		ARM - Debug|ARM = ARM - Debug|ARM
		ARM - Debug|Mixed Platforms = ARM - Debug|Mixed Platforms
		ARM - Debug|Win32 = ARM - Debug|Win32
		ARM - Debug|x64 = ARM - Debug|x64
		ARM - Debug|x86 = ARM - Debug|x86
		ARM - Release|Any CPU = ARM - Release|Any CPU
		ARM - Release|ARM = ARM - Release|ARM
		ARM - Release|Mixed Platforms = ARM - Release|Mixed Platforms
		ARM - Release|Win32 = ARM - Release|Win32
		ARM - Release|x64 = ARM - Release|x64
		ARM - Release|x86 = ARM - Release|x86
		Debug|Any CPU = Debug|Any CPU
		Debug|ARM = Debug|ARM
		Debug|Mixed Platforms = Debug|Mixed Platforms
		Debug|Win32 = Debug|Win32
		Debug|x64 = Debug|x64
		Debug|x86 = Debug|x86
		Desktop - Debug|Any CPU = Desktop - Debug|Any CPU
		Desktop - Debug|ARM = Desktop - Debug|ARM
		Desktop - Debug|Mixed Platforms = Desktop - Debug|Mixed Platforms
		Desktop - Debug|Win32 = Desktop - Debug|Win32
		Desktop - Debug|x64 = Desktop - Debug|x64
		Desktop - Debug|x86 = Desktop - Debug|x86
		Desktop - Release|Any CPU = Desktop - Release|Any CPU
		Desktop - Release|ARM = Desktop - Release|ARM
		Desktop - Release|Mixed Platforms = Desktop - Release|Mixed Platforms
		Desktop - Release|Win32 = Desktop - Release|Win32
		Desktop - Release|x64 = Desktop - Release|x64
		Desktop - Release|x86 = Desktop - Release|x86
		Desktop - x64|Any CPU = Desktop - x64|Any CPU
		Desktop - x64|ARM = Desktop - x64|ARM
		Desktop - x64|Mixed Platforms = Desktop - x64|Mixed Platforms
		Desktop - x64|Win32 = Desktop - x64|Win32
		Desktop - x64|x64 = Desktop - x64|x64
		Desktop - x64|x86 = Desktop - x64|x86
		Release|Any CPU = Release|Any CPU
		Release|ARM = Release|ARM
		Release|Mixed Platforms = Release|Mixed Platforms
		Release|Win32 = Release|Win32
		Release|x64 = Release|x64
		Release|x86 = Release|x86
	EndGlobalSection
	GlobalSection(ProjectConfigurationPlatforms) = postSolution
		{A62724BD-8620-48B9-876B-086461DE90AE}.ARM - Debug|Any CPU.ActiveCfg = Debug|Win32
		{A62724BD-8620-48B9-876B-086461DE90AE}.ARM - Debug|ARM.ActiveCfg = Debug|ARM
		{A62724BD-8620-48B9-876B-086461DE90AE}.ARM - Debug|ARM.Build.0 = Debug|ARM
		{A62724BD-8620-48B9-876B-086461DE90AE}.ARM - Debug|ARM.Deploy.0 = Debug|ARM
		{A62724BD-8620-48B9-876B-086461DE90AE}.ARM - Debug|Mixed Platforms.ActiveCfg = Debug|Win32
		{A62724BD-8620-48B9-876B-086461DE90AE}.ARM - Debug|Mixed Platforms.Build.0 = Debug|Win32
		{A62724BD-8620-48B9-876B-086461DE90AE}.ARM - Debug|Mixed Platforms.Deploy.0 = Debug|Win32
		{A62724BD-8620-48B9-876B-086461DE90AE}.ARM - Debug|Win32.ActiveCfg = Debug|Win32
		{A62724BD-8620-48B9-876B-086461DE90AE}.ARM - Debug|Win32.Build.0 = Debug|Win32
		{A62724BD-8620-48B9-876B-086461DE90AE}.ARM - Debug|Win32.Deploy.0 = Debug|Win32
		{A62724BD-8620-48B9-876B-086461DE90AE}.ARM - Debug|x64.ActiveCfg = Debug|x64
		{A62724BD-8620-48B9-876B-086461DE90AE}.ARM - Debug|x64.Build.0 = Debug|x64
		{A62724BD-8620-48B9-876B-086461DE90AE}.ARM - Debug|x64.Deploy.0 = Debug|x64
		{A62724BD-8620-48B9-876B-086461DE90AE}.ARM - Debug|x86.ActiveCfg = Debug|Win32
		{A62724BD-8620-48B9-876B-086461DE90AE}.ARM - Debug|x86.Build.0 = Debug|Win32
		{A62724BD-8620-48B9-876B-086461DE90AE}.ARM - Debug|x86.Deploy.0 = Debug|Win32
		{A62724BD-8620-48B9-876B-086461DE90AE}.ARM - Release|Any CPU.ActiveCfg = Release|Win32
		{A62724BD-8620-48B9-876B-086461DE90AE}.ARM - Release|ARM.ActiveCfg = Release|ARM
		{A62724BD-8620-48B9-876B-086461DE90AE}.ARM - Release|ARM.Build.0 = Release|ARM
		{A62724BD-8620-48B9-876B-086461DE90AE}.ARM - Release|ARM.Deploy.0 = Release|ARM
		{A62724BD-8620-48B9-876B-086461DE90AE}.ARM - Release|Mixed Platforms.ActiveCfg = Release|Win32
		{A62724BD-8620-48B9-876B-086461DE90AE}.ARM - Release|Mixed Platforms.Build.0 = Release|Win32
		{A62724BD-8620-48B9-876B-086461DE90AE}.ARM - Release|Mixed Platforms.Deploy.0 = Release|Win32
		{A62724BD-8620-48B9-876B-086461DE90AE}.ARM - Release|Win32.ActiveCfg = Release|Win32
		{A62724BD-8620-48B9-876B-086461DE90AE}.ARM - Release|Win32.Build.0 = Release|Win32
		{A62724BD-8620-48B9-876B-086461DE90AE}.ARM - Release|Win32.Deploy.0 = Release|Win32
		{A62724BD-8620-48B9-876B-086461DE90AE}.ARM - Release|x64.ActiveCfg = Release|x64
		{A62724BD-8620-48B9-876B-086461DE90AE}.ARM - Release|x64.Build.0 = Release|x64
		{A62724BD-8620-48B9-876B-086461DE90AE}.ARM - Release|x64.Deploy.0 = Release|x64
		{A62724BD-8620-48B9-876B-086461DE90AE}.ARM - Release|x86.ActiveCfg = Release|Win32
		{A62724BD-8620-48B9-876B-086461DE90AE}.ARM - Release|x86.Build.0 = Release|Win32
		{A62724BD-8620-48B9-876B-086461DE90AE}.ARM - Release|x86.Deploy.0 = Release|Win32
		{A62724BD-8620-48B9-876B-086461DE90AE}.Debug|Any CPU.ActiveCfg = Debug|Win32
		{A62724BD-8620-48B9-876B-086461DE90AE}.Debug|ARM.ActiveCfg = Debug|ARM
		{A62724BD-8620-48B9-876B-086461DE90AE}.Debug|ARM.Build.0 = Debug|ARM
		{A62724BD-8620-48B9-876B-086461DE90AE}.Debug|ARM.Deploy.0 = Debug|ARM
		{A62724BD-8620-48B9-876B-086461DE90AE}.Debug|Mixed Platforms.ActiveCfg = Debug|Win32
		{A62724BD-8620-48B9-876B-086461DE90AE}.Debug|Mixed Platforms.Build.0 = Debug|Win32
		{A62724BD-8620-48B9-876B-086461DE90AE}.Debug|Mixed Platforms.Deploy.0 = Debug|Win32
		{A62724BD-8620-48B9-876B-086461DE90AE}.Debug|Win32.ActiveCfg = Debug|Win32
		{A62724BD-8620-48B9-876B-086461DE90AE}.Debug|Win32.Build.0 = Debug|Win32
		{A62724BD-8620-48B9-876B-086461DE90AE}.Debug|Win32.Deploy.0 = Debug|Win32
		{A62724BD-8620-48B9-876B-086461DE90AE}.Debug|x64.ActiveCfg = Debug|x64
		{A62724BD-8620-48B9-876B-086461DE90AE}.Debug|x64.Build.0 = Debug|x64
		{A62724BD-8620-48B9-876B-086461DE90AE}.Debug|x64.Deploy.0 = Debug|x64
		{A62724BD-8620-48B9-876B-086461DE90AE}.Debug|x86.ActiveCfg = Debug|Win32
		{A62724BD-8620-48B9-876B-086461DE90AE}.Debug|x86.Build.0 = Debug|Win32
		{A62724BD-8620-48B9-876B-086461DE90AE}.Debug|x86.Deploy.0 = Debug|Win32
		{A62724BD-8620-48B9-876B-086461DE90AE}.Desktop - Debug|Any CPU.ActiveCfg = Debug|Win32
		{A62724BD-8620-48B9-876B-086461DE90AE}.Desktop - Debug|ARM.ActiveCfg = Debug|ARM
		{A62724BD-8620-48B9-876B-086461DE90AE}.Desktop - Debug|ARM.Build.0 = Debug|ARM
		{A62724BD-8620-48B9-876B-086461DE90AE}.Desktop - Debug|ARM.Deploy.0 = Debug|ARM
		{A62724BD-8620-48B9-876B-086461DE90AE}.Desktop - Debug|Mixed Platforms.ActiveCfg = Debug|Win32
		{A62724BD-8620-48B9-876B-086461DE90AE}.Desktop - Debug|Mixed Platforms.Build.0 = Debug|Win32
		{A62724BD-8620-48B9-876B-086461DE90AE}.Desktop - Debug|Mixed Platforms.Deploy.0 = Debug|Win32
		{A62724BD-8620-48B9-876B-086461DE90AE}.Desktop - Debug|Win32.ActiveCfg = Debug|Win32
		{A62724BD-8620-48B9-876B-086461DE90AE}.Desktop - Debug|Win32.Build.0 = Debug|Win32
		{A62724BD-8620-48B9-876B-086461DE90AE}.Desktop - Debug|Win32.Deploy.0 = Debug|Win32
		{A62724BD-8620-48B9-876B-086461DE90AE}.Desktop - Debug|x64.ActiveCfg = Debug|x64
		{A62724BD-8620-48B9-876B-086461DE90AE}.Desktop - Debug|x64.Build.0 = Debug|x64
		{A62724BD-8620-48B9-876B-086461DE90AE}.Desktop - Debug|x64.Deploy.0 = Debug|x64
		{A62724BD-8620-48B9-876B-086461DE90AE}.Desktop - Debug|x86.ActiveCfg = Debug|Win32
		{A62724BD-8620-48B9-876B-086461DE90AE}.Desktop - Debug|x86.Build.0 = Debug|Win32
		{A62724BD-8620-48B9-876B-086461DE90AE}.Desktop - Debug|x86.Deploy.0 = Debug|Win32
		{A62724BD-8620-48B9-876B-086461DE90AE}.Desktop - Release|Any CPU.ActiveCfg = Release|Win32
		{A62724BD-8620-48B9-876B-086461DE90AE}.Desktop - Release|ARM.ActiveCfg = Release|ARM
		{A62724BD-8620-48B9-876B-086461DE90AE}.Desktop - Release|ARM.Build.0 = Release|ARM
		{A62724BD-8620-48B9-876B-086461DE90AE}.Desktop - Release|ARM.Deploy.0 = Release|ARM
		{A62724BD-8620-48B9-876B-086461DE90AE}.Desktop - Release|Mixed Platforms.ActiveCfg = Release|Win32
		{A62724BD-8620-48B9-876B-086461DE90AE}.Desktop - Release|Mixed Platforms.Build.0 = Release|Win32
		{A62724BD-8620-48B9-876B-086461DE90AE}.Desktop - Release|Mixed Platforms.Deploy.0 = Release|Win32
		{A62724BD-8620-48B9-876B-086461DE90AE}.Desktop - Release|Win32.ActiveCfg = Release|Win32
		{A62724BD-8620-48B9-876B-086461DE90AE}.Desktop - Release|Win32.Build.0 = Release|Win32
		{A62724BD-8620-48B9-876B-086461DE90AE}.Desktop - Release|Win32.Deploy.0 = Release|Win32
		{A62724BD-8620-48B9-876B-086461DE90AE}.Desktop - Release|x64.ActiveCfg = Release|x64
		{A62724BD-8620-48B9-876B-086461DE90AE}.Desktop - Release|x64.Build.0 = Release|x64
		{A62724BD-8620-48B9-876B-086461DE90AE}.Desktop - Release|x64.Deploy.0 = Release|x64
		{A62724BD-8620-48B9-876B-086461DE90AE}.Desktop - Release|x86.ActiveCfg = Release|Win32
		{A62724BD-8620-48B9-876B-086461DE90AE}.Desktop - Release|x86.Build.0 = Release|Win32
		{A62724BD-8620-48B9-876B-086461DE90AE}.Desktop - Release|x86.Deploy.0 = Release|Win32
		{A62724BD-8620-48B9-876B-086461DE90AE}.Desktop - x64|Any CPU.ActiveCfg = Debug|Win32
		{A62724BD-8620-48B9-876B-086461DE90AE}.Desktop - x64|ARM.ActiveCfg = Debug|ARM
		{A62724BD-8620-48B9-876B-086461DE90AE}.Desktop - x64|ARM.Build.0 = Debug|ARM
		{A62724BD-8620-48B9-876B-086461DE90AE}.Desktop - x64|ARM.Deploy.0 = Debug|ARM
		{A62724BD-8620-48B9-876B-086461DE90AE}.Desktop - x64|Mixed Platforms.ActiveCfg = Debug|Win32
		{A62724BD-8620-48B9-876B-086461DE90AE}.Desktop - x64|Mixed Platforms.Build.0 = Debug|Win32
		{A62724BD-8620-48B9-876B-086461DE90AE}.Desktop - x64|Mixed Platforms.Deploy.0 = Debug|Win32
		{A62724BD-8620-48B9-876B-086461DE90AE}.Desktop - x64|Win32.ActiveCfg = Debug|Win32
		{A62724BD-8620-48B9-876B-086461DE90AE}.Desktop - x64|Win32.Build.0 = Debug|Win32
		{A62724BD-8620-48B9-876B-086461DE90AE}.Desktop - x64|Win32.Deploy.0 = Debug|Win32
		{A62724BD-8620-48B9-876B-086461DE90AE}.Desktop - x64|x64.ActiveCfg = Debug|x64
		{A62724BD-8620-48B9-876B-086461DE90AE}.Desktop - x64|x64.Build.0 = Debug|x64
		{A62724BD-8620-48B9-876B-086461DE90AE}.Desktop - x64|x64.Deploy.0 = Debug|x64
		{A62724BD-8620-48B9-876B-086461DE90AE}.Desktop - x64|x86.ActiveCfg = Debug|Win32
		{A62724BD-8620-48B9-876B-086461DE90AE}.Desktop - x64|x86.Build.0 = Debug|Win32
		{A62724BD-8620-48B9-876B-086461DE90AE}.Desktop - x64|x86.Deploy.0 = Debug|Win32
		{A62724BD-8620-48B9-876B-086461DE90AE}.Release|Any CPU.ActiveCfg = Release|Win32
		{A62724BD-8620-48B9-876B-086461DE90AE}.Release|ARM.ActiveCfg = Release|ARM
		{A62724BD-8620-48B9-876B-086461DE90AE}.Release|ARM.Build.0 = Release|ARM
		{A62724BD-8620-48B9-876B-086461DE90AE}.Release|ARM.Deploy.0 = Release|ARM
		{A62724BD-8620-48B9-876B-086461DE90AE}.Release|Mixed Platforms.ActiveCfg = Release|Win32
		{A62724BD-8620-48B9-876B-086461DE90AE}.Release|Mixed Platforms.Build.0 = Release|Win32
		{A62724BD-8620-48B9-876B-086461DE90AE}.Release|Mixed Platforms.Deploy.0 = Release|Win32
		{A62724BD-8620-48B9-876B-086461DE90AE}.Release|Win32.ActiveCfg = Release|Win32
		{A62724BD-8620-48B9-876B-086461DE90AE}.Release|Win32.Build.0 = Release|Win32
		{A62724BD-8620-48B9-876B-086461DE90AE}.Release|Win32.Deploy.0 = Release|Win32
		{A62724BD-8620-48B9-876B-086461DE90AE}.Release|x64.ActiveCfg = Release|x64
		{A62724BD-8620-48B9-876B-086461DE90AE}.Release|x64.Build.0 = Release|x64
		{A62724BD-8620-48B9-876B-086461DE90AE}.Release|x64.Deploy.0 = Release|x64
		{A62724BD-8620-48B9-876B-086461DE90AE}.Release|x86.ActiveCfg = Release|Win32
		{A62724BD-8620-48B9-876B-086461DE90AE}.Release|x86.Build.0 = Release|Win32
		{A62724BD-8620-48B9-876B-086461DE90AE}.Release|x86.Deploy.0 = Release|Win32
		{31434BA9-300F-4618-B564-88EC75233708}.ARM - Debug|Any CPU.ActiveCfg = Debug|Win32
		{31434BA9-300F-4618-B564-88EC75233708}.ARM - Debug|ARM.ActiveCfg = Debug|ARM
		{31434BA9-300F-4618-B564-88EC75233708}.ARM - Debug|ARM.Build.0 = Debug|ARM
		{31434BA9-300F-4618-B564-88EC75233708}.ARM - Debug|ARM.Deploy.0 = Debug|ARM
		{31434BA9-300F-4618-B564-88EC75233708}.ARM - Debug|Mixed Platforms.ActiveCfg = Debug|Win32
		{31434BA9-300F-4618-B564-88EC75233708}.ARM - Debug|Mixed Platforms.Build.0 = Debug|Win32
		{31434BA9-300F-4618-B564-88EC75233708}.ARM - Debug|Mixed Platforms.Deploy.0 = Debug|Win32
		{31434BA9-300F-4618-B564-88EC75233708}.ARM - Debug|Win32.ActiveCfg = Debug|Win32
		{31434BA9-300F-4618-B564-88EC75233708}.ARM - Debug|Win32.Build.0 = Debug|Win32
		{31434BA9-300F-4618-B564-88EC75233708}.ARM - Debug|Win32.Deploy.0 = Debug|Win32
		{31434BA9-300F-4618-B564-88EC75233708}.ARM - Debug|x64.ActiveCfg = Debug|Win32
		{31434BA9-300F-4618-B564-88EC75233708}.ARM - Debug|x86.ActiveCfg = Debug|Win32
		{31434BA9-300F-4618-B564-88EC75233708}.ARM - Debug|x86.Build.0 = Debug|Win32
		{31434BA9-300F-4618-B564-88EC75233708}.ARM - Debug|x86.Deploy.0 = Debug|Win32
		{31434BA9-300F-4618-B564-88EC75233708}.ARM - Release|Any CPU.ActiveCfg = Release|Win32
		{31434BA9-300F-4618-B564-88EC75233708}.ARM - Release|ARM.ActiveCfg = Release|ARM
		{31434BA9-300F-4618-B564-88EC75233708}.ARM - Release|ARM.Build.0 = Release|ARM
		{31434BA9-300F-4618-B564-88EC75233708}.ARM - Release|ARM.Deploy.0 = Release|ARM
		{31434BA9-300F-4618-B564-88EC75233708}.ARM - Release|Mixed Platforms.ActiveCfg = Release|Win32
		{31434BA9-300F-4618-B564-88EC75233708}.ARM - Release|Mixed Platforms.Build.0 = Release|Win32
		{31434BA9-300F-4618-B564-88EC75233708}.ARM - Release|Mixed Platforms.Deploy.0 = Release|Win32
		{31434BA9-300F-4618-B564-88EC75233708}.ARM - Release|Win32.ActiveCfg = Release|Win32
		{31434BA9-300F-4618-B564-88EC75233708}.ARM - Release|Win32.Build.0 = Release|Win32
		{31434BA9-300F-4618-B564-88EC75233708}.ARM - Release|Win32.Deploy.0 = Release|Win32
		{31434BA9-300F-4618-B564-88EC75233708}.ARM - Release|x64.ActiveCfg = Release|Win32
		{31434BA9-300F-4618-B564-88EC75233708}.ARM - Release|x86.ActiveCfg = Release|Win32
		{31434BA9-300F-4618-B564-88EC75233708}.ARM - Release|x86.Build.0 = Release|Win32
		{31434BA9-300F-4618-B564-88EC75233708}.ARM - Release|x86.Deploy.0 = Release|Win32
		{31434BA9-300F-4618-B564-88EC75233708}.Debug|Any CPU.ActiveCfg = Debug|Win32
		{31434BA9-300F-4618-B564-88EC75233708}.Debug|ARM.ActiveCfg = Debug|ARM
		{31434BA9-300F-4618-B564-88EC75233708}.Debug|ARM.Build.0 = Debug|ARM
		{31434BA9-300F-4618-B564-88EC75233708}.Debug|ARM.Deploy.0 = Debug|ARM
		{31434BA9-300F-4618-B564-88EC75233708}.Debug|Mixed Platforms.ActiveCfg = Debug|Win32
		{31434BA9-300F-4618-B564-88EC75233708}.Debug|Mixed Platforms.Build.0 = Debug|Win32
		{31434BA9-300F-4618-B564-88EC75233708}.Debug|Mixed Platforms.Deploy.0 = Debug|Win32
		{31434BA9-300F-4618-B564-88EC75233708}.Debug|Win32.ActiveCfg = Debug|Win32
		{31434BA9-300F-4618-B564-88EC75233708}.Debug|Win32.Build.0 = Debug|Win32
		{31434BA9-300F-4618-B564-88EC75233708}.Debug|Win32.Deploy.0 = Debug|Win32
		{31434BA9-300F-4618-B564-88EC75233708}.Debug|x64.ActiveCfg = Debug|Win32
		{31434BA9-300F-4618-B564-88EC75233708}.Debug|x86.ActiveCfg = Debug|Win32
		{31434BA9-300F-4618-B564-88EC75233708}.Debug|x86.Build.0 = Debug|Win32
		{31434BA9-300F-4618-B564-88EC75233708}.Debug|x86.Deploy.0 = Debug|Win32
		{31434BA9-300F-4618-B564-88EC75233708}.Desktop - Debug|Any CPU.ActiveCfg = Debug|Win32
		{31434BA9-300F-4618-B564-88EC75233708}.Desktop - Debug|ARM.ActiveCfg = Debug|ARM
		{31434BA9-300F-4618-B564-88EC75233708}.Desktop - Debug|ARM.Build.0 = Debug|ARM
		{31434BA9-300F-4618-B564-88EC75233708}.Desktop - Debug|ARM.Deploy.0 = Debug|ARM
		{31434BA9-300F-4618-B564-88EC75233708}.Desktop - Debug|Mixed Platforms.ActiveCfg = Debug|Win32
		{31434BA9-300F-4618-B564-88EC75233708}.Desktop - Debug|Mixed Platforms.Build.0 = Debug|Win32
		{31434BA9-300F-4618-B564-88EC75233708}.Desktop - Debug|Mixed Platforms.Deploy.0 = Debug|Win32
		{31434BA9-300F-4618-B564-88EC75233708}.Desktop - Debug|Win32.ActiveCfg = Debug|Win32
		{31434BA9-300F-4618-B564-88EC75233708}.Desktop - Debug|Win32.Build.0 = Debug|Win32
		{31434BA9-300F-4618-B564-88EC75233708}.Desktop - Debug|Win32.Deploy.0 = Debug|Win32
		{31434BA9-300F-4618-B564-88EC75233708}.Desktop - Debug|x64.ActiveCfg = Debug|Win32
		{31434BA9-300F-4618-B564-88EC75233708}.Desktop - Debug|x86.ActiveCfg = Debug|Win32
		{31434BA9-300F-4618-B564-88EC75233708}.Desktop - Debug|x86.Build.0 = Debug|Win32
		{31434BA9-300F-4618-B564-88EC75233708}.Desktop - Debug|x86.Deploy.0 = Debug|Win32
		{31434BA9-300F-4618-B564-88EC75233708}.Desktop - Release|Any CPU.ActiveCfg = Release|Win32
		{31434BA9-300F-4618-B564-88EC75233708}.Desktop - Release|ARM.ActiveCfg = Release|ARM
		{31434BA9-300F-4618-B564-88EC75233708}.Desktop - Release|ARM.Build.0 = Release|ARM
		{31434BA9-300F-4618-B564-88EC75233708}.Desktop - Release|ARM.Deploy.0 = Release|ARM
		{31434BA9-300F-4618-B564-88EC75233708}.Desktop - Release|Mixed Platforms.ActiveCfg = Release|Win32
		{31434BA9-300F-4618-B564-88EC75233708}.Desktop - Release|Mixed Platforms.Build.0 = Release|Win32
		{31434BA9-300F-4618-B564-88EC75233708}.Desktop - Release|Mixed Platforms.Deploy.0 = Release|Win32
		{31434BA9-300F-4618-B564-88EC75233708}.Desktop - Release|Win32.ActiveCfg = Release|Win32
		{31434BA9-300F-4618-B564-88EC75233708}.Desktop - Release|Win32.Build.0 = Release|Win32
		{31434BA9-300F-4618-B564-88EC75233708}.Desktop - Release|Win32.Deploy.0 = Release|Win32
		{31434BA9-300F-4618-B564-88EC75233708}.Desktop - Release|x64.ActiveCfg = Release|Win32
		{31434BA9-300F-4618-B564-88EC75233708}.Desktop - Release|x86.ActiveCfg = Release|Win32
		{31434BA9-300F-4618-B564-88EC75233708}.Desktop - Release|x86.Build.0 = Release|Win32
		{31434BA9-300F-4618-B564-88EC75233708}.Desktop - Release|x86.Deploy.0 = Release|Win32
		{31434BA9-300F-4618-B564-88EC75233708}.Desktop - x64|Any CPU.ActiveCfg = Debug|Win32
		{31434BA9-300F-4618-B564-88EC75233708}.Desktop - x64|ARM.ActiveCfg = Debug|ARM
		{31434BA9-300F-4618-B564-88EC75233708}.Desktop - x64|ARM.Build.0 = Debug|ARM
		{31434BA9-300F-4618-B564-88EC75233708}.Desktop - x64|ARM.Deploy.0 = Debug|ARM
		{31434BA9-300F-4618-B564-88EC75233708}.Desktop - x64|Mixed Platforms.ActiveCfg = Debug|Win32
		{31434BA9-300F-4618-B564-88EC75233708}.Desktop - x64|Mixed Platforms.Build.0 = Debug|Win32
		{31434BA9-300F-4618-B564-88EC75233708}.Desktop - x64|Mixed Platforms.Deploy.0 = Debug|Win32
		{31434BA9-300F-4618-B564-88EC75233708}.Desktop - x64|Win32.ActiveCfg = Debug|Win32
		{31434BA9-300F-4618-B564-88EC75233708}.Desktop - x64|Win32.Build.0 = Debug|Win32
		{31434BA9-300F-4618-B564-88EC75233708}.Desktop - x64|Win32.Deploy.0 = Debug|Win32
		{31434BA9-300F-4618-B564-88EC75233708}.Desktop - x64|x64.ActiveCfg = Debug|Win32
		{31434BA9-300F-4618-B564-88EC75233708}.Desktop - x64|x86.ActiveCfg = Debug|Win32
		{31434BA9-300F-4618-B564-88EC75233708}.Desktop - x64|x86.Build.0 = Debug|Win32
		{31434BA9-300F-4618-B564-88EC75233708}.Desktop - x64|x86.Deploy.0 = Debug|Win32
		{31434BA9-300F-4618-B564-88EC75233708}.Release|Any CPU.ActiveCfg = Release|Win32
		{31434BA9-300F-4618-B564-88EC75233708}.Release|ARM.ActiveCfg = Release|ARM
		{31434BA9-300F-4618-B564-88EC75233708}.Release|ARM.Build.0 = Release|ARM
		{31434BA9-300F-4618-B564-88EC75233708}.Release|ARM.Deploy.0 = Release|ARM
		{31434BA9-300F-4618-B564-88EC75233708}.Release|Mixed Platforms.ActiveCfg = Release|Win32
		{31434BA9-300F-4618-B564-88EC75233708}.Release|Mixed Platforms.Build.0 = Release|Win32
		{31434BA9-300F-4618-B564-88EC75233708}.Release|Mixed Platforms.Deploy.0 = Release|Win32
		{31434BA9-300F-4618-B564-88EC75233708}.Release|Win32.ActiveCfg = Release|Win32
		{31434BA9-300F-4618-B564-88EC75233708}.Release|Win32.Build.0 = Release|Win32
		{31434BA9-300F-4618-B564-88EC75233708}.Release|Win32.Deploy.0 = Release|Win32
		{31434BA9-300F-4618-B564-88EC75233708}.Release|x64.ActiveCfg = Release|Win32
		{31434BA9-300F-4618-B564-88EC75233708}.Release|x86.ActiveCfg = Release|Win32
		{31434BA9-300F-4618-B564-88EC75233708}.Release|x86.Build.0 = Release|Win32
		{31434BA9-300F-4618-B564-88EC75233708}.Release|x86.Deploy.0 = Release|Win32
		{73904823-7D1F-48E7-91DE-22E89368E6D5}.ARM - Debug|Any CPU.ActiveCfg = ARM - Debug|Any CPU
		{73904823-7D1F-48E7-91DE-22E89368E6D5}.ARM - Debug|Any CPU.Build.0 = ARM - Debug|Any CPU
		{73904823-7D1F-48E7-91DE-22E89368E6D5}.ARM - Debug|ARM.ActiveCfg = ARM - Debug|ARM
		{73904823-7D1F-48E7-91DE-22E89368E6D5}.ARM - Debug|ARM.Build.0 = ARM - Debug|ARM
		{73904823-7D1F-48E7-91DE-22E89368E6D5}.ARM - Debug|Mixed Platforms.ActiveCfg = ARM - Debug|x86
		{73904823-7D1F-48E7-91DE-22E89368E6D5}.ARM - Debug|Mixed Platforms.Build.0 = ARM - Debug|x86
		{73904823-7D1F-48E7-91DE-22E89368E6D5}.ARM - Debug|Win32.ActiveCfg = ARM - Debug|x86
		{73904823-7D1F-48E7-91DE-22E89368E6D5}.ARM - Debug|Win32.Build.0 = ARM - Debug|x86
		{73904823-7D1F-48E7-91DE-22E89368E6D5}.ARM - Debug|x64.ActiveCfg = ARM - Debug|x64
		{73904823-7D1F-48E7-91DE-22E89368E6D5}.ARM - Debug|x64.Build.0 = ARM - Debug|x64
		{73904823-7D1F-48E7-91DE-22E89368E6D5}.ARM - Debug|x86.ActiveCfg = ARM - Debug|x86
		{73904823-7D1F-48E7-91DE-22E89368E6D5}.ARM - Debug|x86.Build.0 = ARM - Debug|x86
		{73904823-7D1F-48E7-91DE-22E89368E6D5}.ARM - Release|Any CPU.ActiveCfg = ARM - Release|Any CPU
		{73904823-7D1F-48E7-91DE-22E89368E6D5}.ARM - Release|Any CPU.Build.0 = ARM - Release|Any CPU
		{73904823-7D1F-48E7-91DE-22E89368E6D5}.ARM - Release|ARM.ActiveCfg = ARM - Release|ARM
		{73904823-7D1F-48E7-91DE-22E89368E6D5}.ARM - Release|ARM.Build.0 = ARM - Release|ARM
		{73904823-7D1F-48E7-91DE-22E89368E6D5}.ARM - Release|Mixed Platforms.ActiveCfg = ARM - Release|x86
		{73904823-7D1F-48E7-91DE-22E89368E6D5}.ARM - Release|Mixed Platforms.Build.0 = ARM - Release|x86
		{73904823-7D1F-48E7-91DE-22E89368E6D5}.ARM - Release|Win32.ActiveCfg = ARM - Release|x86
		{73904823-7D1F-48E7-91DE-22E89368E6D5}.ARM - Release|Win32.Build.0 = ARM - Release|x86
		{73904823-7D1F-48E7-91DE-22E89368E6D5}.ARM - Release|x64.ActiveCfg = ARM - Release|x64
		{73904823-7D1F-48E7-91DE-22E89368E6D5}.ARM - Release|x64.Build.0 = ARM - Release|x64
		{73904823-7D1F-48E7-91DE-22E89368E6D5}.ARM - Release|x86.ActiveCfg = ARM - Release|x86
		{73904823-7D1F-48E7-91DE-22E89368E6D5}.ARM - Release|x86.Build.0 = ARM - Release|x86
		{73904823-7D1F-48E7-91DE-22E89368E6D5}.Debug|Any CPU.ActiveCfg = Debug|Any CPU
		{73904823-7D1F-48E7-91DE-22E89368E6D5}.Debug|Any CPU.Build.0 = Debug|Any CPU
		{73904823-7D1F-48E7-91DE-22E89368E6D5}.Debug|ARM.ActiveCfg = Debug|ARM
		{73904823-7D1F-48E7-91DE-22E89368E6D5}.Debug|ARM.Build.0 = Debug|ARM
		{73904823-7D1F-48E7-91DE-22E89368E6D5}.Debug|Mixed Platforms.ActiveCfg = Debug|x86
		{73904823-7D1F-48E7-91DE-22E89368E6D5}.Debug|Mixed Platforms.Build.0 = Debug|x86
		{73904823-7D1F-48E7-91DE-22E89368E6D5}.Debug|Win32.ActiveCfg = Debug|x86
		{73904823-7D1F-48E7-91DE-22E89368E6D5}.Debug|Win32.Build.0 = Debug|x86
		{73904823-7D1F-48E7-91DE-22E89368E6D5}.Debug|x64.ActiveCfg = Debug|x64
		{73904823-7D1F-48E7-91DE-22E89368E6D5}.Debug|x64.Build.0 = Debug|x64
		{73904823-7D1F-48E7-91DE-22E89368E6D5}.Debug|x86.ActiveCfg = Debug|x86
		{73904823-7D1F-48E7-91DE-22E89368E6D5}.Debug|x86.Build.0 = Debug|x86
		{73904823-7D1F-48E7-91DE-22E89368E6D5}.Desktop - Debug|Any CPU.ActiveCfg = Desktop - Debug|Any CPU
		{73904823-7D1F-48E7-91DE-22E89368E6D5}.Desktop - Debug|Any CPU.Build.0 = Desktop - Debug|Any CPU
		{73904823-7D1F-48E7-91DE-22E89368E6D5}.Desktop - Debug|ARM.ActiveCfg = Desktop - Debug|ARM
		{73904823-7D1F-48E7-91DE-22E89368E6D5}.Desktop - Debug|ARM.Build.0 = Desktop - Debug|ARM
		{73904823-7D1F-48E7-91DE-22E89368E6D5}.Desktop - Debug|Mixed Platforms.ActiveCfg = Desktop - Debug|x86
		{73904823-7D1F-48E7-91DE-22E89368E6D5}.Desktop - Debug|Mixed Platforms.Build.0 = Desktop - Debug|x86
		{73904823-7D1F-48E7-91DE-22E89368E6D5}.Desktop - Debug|Win32.ActiveCfg = Desktop - Debug|x86
		{73904823-7D1F-48E7-91DE-22E89368E6D5}.Desktop - Debug|Win32.Build.0 = Desktop - Debug|x86
		{73904823-7D1F-48E7-91DE-22E89368E6D5}.Desktop - Debug|x64.ActiveCfg = Desktop - Debug|x64
		{73904823-7D1F-48E7-91DE-22E89368E6D5}.Desktop - Debug|x64.Build.0 = Desktop - Debug|x64
		{73904823-7D1F-48E7-91DE-22E89368E6D5}.Desktop - Debug|x86.ActiveCfg = Desktop - Debug|x86
		{73904823-7D1F-48E7-91DE-22E89368E6D5}.Desktop - Debug|x86.Build.0 = Desktop - Debug|x86
		{73904823-7D1F-48E7-91DE-22E89368E6D5}.Desktop - Release|Any CPU.ActiveCfg = Desktop - Release|Any CPU
		{73904823-7D1F-48E7-91DE-22E89368E6D5}.Desktop - Release|Any CPU.Build.0 = Desktop - Release|Any CPU
		{73904823-7D1F-48E7-91DE-22E89368E6D5}.Desktop - Release|ARM.ActiveCfg = Desktop - Release|ARM
		{73904823-7D1F-48E7-91DE-22E89368E6D5}.Desktop - Release|ARM.Build.0 = Desktop - Release|ARM
		{73904823-7D1F-48E7-91DE-22E89368E6D5}.Desktop - Release|Mixed Platforms.ActiveCfg = Desktop - Release|x86
		{73904823-7D1F-48E7-91DE-22E89368E6D5}.Desktop - Release|Mixed Platforms.Build.0 = Desktop - Release|x86
		{73904823-7D1F-48E7-91DE-22E89368E6D5}.Desktop - Release|Win32.ActiveCfg = Desktop - Release|x86
		{73904823-7D1F-48E7-91DE-22E89368E6D5}.Desktop - Release|Win32.Build.0 = Desktop - Release|x86
		{73904823-7D1F-48E7-91DE-22E89368E6D5}.Desktop - Release|x64.ActiveCfg = Desktop - Release|x64
		{73904823-7D1F-48E7-91DE-22E89368E6D5}.Desktop - Release|x64.Build.0 = Desktop - Release|x64
		{73904823-7D1F-48E7-91DE-22E89368E6D5}.Desktop - Release|x86.ActiveCfg = Desktop - Release|x86
		{73904823-7D1F-48E7-91DE-22E89368E6D5}.Desktop - Release|x86.Build.0 = Desktop - Release|x86
		{73904823-7D1F-48E7-91DE-22E89368E6D5}.Desktop - x64|Any CPU.ActiveCfg = Desktop - x64|Any CPU
		{73904823-7D1F-48E7-91DE-22E89368E6D5}.Desktop - x64|Any CPU.Build.0 = Desktop - x64|Any CPU
		{73904823-7D1F-48E7-91DE-22E89368E6D5}.Desktop - x64|ARM.ActiveCfg = Desktop - x64|ARM
		{73904823-7D1F-48E7-91DE-22E89368E6D5}.Desktop - x64|ARM.Build.0 = Desktop - x64|ARM
		{73904823-7D1F-48E7-91DE-22E89368E6D5}.Desktop - x64|Mixed Platforms.ActiveCfg = Desktop - x64|x86
		{73904823-7D1F-48E7-91DE-22E89368E6D5}.Desktop - x64|Mixed Platforms.Build.0 = Desktop - x64|x86
		{73904823-7D1F-48E7-91DE-22E89368E6D5}.Desktop - x64|Win32.ActiveCfg = Desktop - x64|x86
		{73904823-7D1F-48E7-91DE-22E89368E6D5}.Desktop - x64|Win32.Build.0 = Desktop - x64|x86
		{73904823-7D1F-48E7-91DE-22E89368E6D5}.Desktop - x64|x64.ActiveCfg = Desktop - x64|x64
		{73904823-7D1F-48E7-91DE-22E89368E6D5}.Desktop - x64|x64.Build.0 = Desktop - x64|x64
		{73904823-7D1F-48E7-91DE-22E89368E6D5}.Desktop - x64|x86.ActiveCfg = Desktop - x64|x86
		{73904823-7D1F-48E7-91DE-22E89368E6D5}.Desktop - x64|x86.Build.0 = Desktop - x64|x86
		{73904823-7D1F-48E7-91DE-22E89368E6D5}.Release|Any CPU.ActiveCfg = Release|Any CPU
		{73904823-7D1F-48E7-91DE-22E89368E6D5}.Release|Any CPU.Build.0 = Release|Any CPU
		{73904823-7D1F-48E7-91DE-22E89368E6D5}.Release|ARM.ActiveCfg = Release|ARM
		{73904823-7D1F-48E7-91DE-22E89368E6D5}.Release|ARM.Build.0 = Release|ARM
		{73904823-7D1F-48E7-91DE-22E89368E6D5}.Release|Mixed Platforms.ActiveCfg = Release|x86
		{73904823-7D1F-48E7-91DE-22E89368E6D5}.Release|Mixed Platforms.Build.0 = Release|x86
		{73904823-7D1F-48E7-91DE-22E89368E6D5}.Release|Win32.ActiveCfg = Release|x86
		{73904823-7D1F-48E7-91DE-22E89368E6D5}.Release|Win32.Build.0 = Release|x86
		{73904823-7D1F-48E7-91DE-22E89368E6D5}.Release|x64.ActiveCfg = Release|x64
		{73904823-7D1F-48E7-91DE-22E89368E6D5}.Release|x64.Build.0 = Release|x64
		{73904823-7D1F-48E7-91DE-22E89368E6D5}.Release|x86.ActiveCfg = Release|x86
		{73904823-7D1F-48E7-91DE-22E89368E6D5}.Release|x86.Build.0 = Release|x86
	EndGlobalSection
	GlobalSection(SolutionProperties) = preSolution
		HideSolutionNode = FALSE
	EndGlobalSection
	GlobalSection(NestedProjects) = preSolution
		{7EFCF217-399D-46BC-82E6-4B8718BB86E3} = {50947240-1BEA-4544-975F-C79C5F099D06}
		{A62724BD-8620-48B9-876B-086461DE90AE} = {50947240-1BEA-4544-975F-C79C5F099D06}
		{31434BA9-300F-4618-B564-88EC75233708} = {50947240-1BEA-4544-975F-C79C5F099D06}
		{73904823-7D1F-48E7-91DE-22E89368E6D5} = {50947240-1BEA-4544-975F-C79C5F099D06}
	EndGlobalSection
EndGlobal
