<?xml version="1.0" encoding="utf-8"?>
<Project ToolsVersion="4.0" xmlns="http://schemas.microsoft.com/developer/msbuild/2003">
  <ItemGroup>
    <ClInclude Include="$(MSBuildThisFileDirectory)pch.h" />
    <ClInclude Include="$(MSBuildThisFileDirectory)Common\DirectXHelper.h">
      <Filter>Common</Filter>
    </ClInclude>
    <ClInclude Include="$(MSBuildThisFileDirectory)Common\StepTimer.h">
      <Filter>Common</Filter>
    </ClInclude>
    <ClInclude Include="$(MSBuildThisFileDirectory)Common\DeviceResources.h">
      <Filter>Common</Filter>
    </ClInclude>
    <ClInclude Include="$(MSBuildThisFileDirectory)Characters\Bear.h" />
    <ClInclude Include="$(MSBuildThisFileDirectory)Characters\LivingEntity.h" />
    <ClInclude Include="$(MSBuildThisFileDirectory)Characters\LivingEntityState.h" />
    <ClInclude Include="$(MSBuildThisFileDirectory)Characters\Monster.h" />
    <ClInclude Include="$(MSBuildThisFileDirectory)Content\ShaderStructures.h" />
    <ClInclude Include="$(MSBuildThisFileDirectory)DXCore\BasicLoader.h" />
    <ClInclude Include="$(MSBuildThisFileDirectory)DXCore\DDSTextureLoader.h" />
    <ClInclude Include="$(MSBuildThisFileDirectory)DXCore\DirectXBase.h" />
    <ClInclude Include="$(MSBuildThisFileDirectory)DXCore\DirectXLinker.h" />
    <ClInclude Include="$(MSBuildThisFileDirectory)DXCore\SpriteWorks.h" />
    <ClInclude Include="$(MSBuildThisFileDirectory)Entities\AmmoItem.h" />
    <ClInclude Include="$(MSBuildThisFileDirectory)Entities\BasicShapes.h" />
    <ClInclude Include="$(MSBuildThisFileDirectory)Entities\Button.h" />
    <ClInclude Include="$(MSBuildThisFileDirectory)Entities\GameState.h" />
    <ClInclude Include="$(MSBuildThisFileDirectory)Entities\LevelType.h" />
    <ClInclude Include="$(MSBuildThisFileDirectory)Entities\MonsterType.h" />
    <ClInclude Include="$(MSBuildThisFileDirectory)Entities\Obstacle.h" />
    <ClInclude Include="$(MSBuildThisFileDirectory)Entities\ObstacleType.h" />
    <ClInclude Include="$(MSBuildThisFileDirectory)Entities\Powerup.h" />
    <ClInclude Include="$(MSBuildThisFileDirectory)Entities\PowerupCategory.h" />
    <ClInclude Include="$(MSBuildThisFileDirectory)Entities\PowerupType.h" />
    <ClInclude Include="$(MSBuildThisFileDirectory)Entities\SizeEnums.h" />
    <ClInclude Include="$(MSBuildThisFileDirectory)Entities\TopScore.h" />
    <ClInclude Include="$(MSBuildThisFileDirectory)GameScreens\GameCompleteScreen.h" />
    <ClInclude Include="$(MSBuildThisFileDirectory)GameScreens\GameOverScreen.h" />
    <ClInclude Include="$(MSBuildThisFileDirectory)GameScreens\GamePlayScreen.h" />
    <ClInclude Include="$(MSBuildThisFileDirectory)GameScreens\GameScreenBase.h" />
    <ClInclude Include="$(MSBuildThisFileDirectory)GameScreens\GameWinScreen.h" />
    <ClInclude Include="$(MSBuildThisFileDirectory)GameScreens\GenericCloudScreen.h" />
    <ClInclude Include="$(MSBuildThisFileDirectory)GameScreens\MenuScreen.h" />
    <ClInclude Include="$(MSBuildThisFileDirectory)Helpers\BasicMath.h" />
    <ClInclude Include="$(MSBuildThisFileDirectory)Helpers\Geometry.h" />
    <ClInclude Include="$(MSBuildThisFileDirectory)Helpers\LevelDataLoader.h" />
    <ClInclude Include="$(MSBuildThisFileDirectory)Helpers\LocalDiagnostics.h" />
    <ClInclude Include="$(MSBuildThisFileDirectory)Helpers\RWContract.h" />
    <ClInclude Include="$(MSBuildThisFileDirectory)Helpers\SettingsHelper.h" />
    <ClInclude Include="$(MSBuildThisFileDirectory)Helpers\StaticDataHelper.h" />
    <ClInclude Include="$(MSBuildThisFileDirectory)Helpers\Timer.h" />
    <ClInclude Include="$(MSBuildThisFileDirectory)Helpers\TopScoreLoader.h" />
    <ClInclude Include="$(MSBuildThisFileDirectory)ParticleSystem\Particle.h" />
    <ClInclude Include="$(MSBuildThisFileDirectory)ParticleSystem\ParticleCore.h" />
    <ClInclude Include="$(MSBuildThisFileDirectory)ParticleSystem\ParticleSet.h" />
    <ClInclude Include="$(MSBuildThisFileDirectory)ScreenManager.h" />
    <ClInclude Include="$(MSBuildThisFileDirectory)Controls\HealthBar.xaml.h" />
    <ClInclude Include="$(MSBuildThisFileDirectory)Audio\AudioEngine.h">
      <Filter>Audio</Filter>
    </ClInclude>
    <ClInclude Include="$(MSBuildThisFileDirectory)Audio\AudioManager.h">
      <Filter>Audio</Filter>
    </ClInclude>
    <ClInclude Include="$(MSBuildThisFileDirectory)Audio\MediaStreamer.h">
      <Filter>Audio</Filter>
    </ClInclude>
    <ClInclude Include="$(MSBuildThisFileDirectory)MenuItems\MenuItem.xaml.h" />
  </ItemGroup>
  <ItemGroup>
    <ClCompile Include="$(MSBuildThisFileDirectory)pch.cpp" />
    <ClCompile Include="$(MSBuildThisFileDirectory)Common\DeviceResources.cpp">
      <Filter>Common</Filter>
    </ClCompile>
    <ClCompile Include="$(MSBuildThisFileDirectory)Characters\Bear.cpp" />
    <ClCompile Include="$(MSBuildThisFileDirectory)Characters\Livingentity.cpp" />
    <ClCompile Include="$(MSBuildThisFileDirectory)Characters\Monster.cpp" />
    <ClCompile Include="$(MSBuildThisFileDirectory)DXCore\BasicLoader.cpp" />
    <ClCompile Include="$(MSBuildThisFileDirectory)DXCore\DDSTextureLoader.cpp" />
    <ClCompile Include="$(MSBuildThisFileDirectory)DXCore\DirectXBase.cpp" />
    <ClCompile Include="$(MSBuildThisFileDirectory)DXCore\SpriteWorks.cpp" />
    <ClCompile Include="$(MSBuildThisFileDirectory)Entities\Button.cpp" />
    <ClCompile Include="$(MSBuildThisFileDirectory)Entities\Powerup.cpp" />
    <ClCompile Include="$(MSBuildThisFileDirectory)Entities\TopScore.cpp" />
    <ClCompile Include="$(MSBuildThisFileDirectory)GameScreens\GameCompleteScreen.cpp" />
    <ClCompile Include="$(MSBuildThisFileDirectory)GameScreens\GameOverScreen.cpp" />
    <ClCompile Include="$(MSBuildThisFileDirectory)GameScreens\GamePlayScreen.cpp" />
    <ClCompile Include="$(MSBuildThisFileDirectory)GameScreens\GameScreenBase.cpp" />
    <ClCompile Include="$(MSBuildThisFileDirectory)GameScreens\GameWinScreen.cpp" />
    <ClCompile Include="$(MSBuildThisFileDirectory)GameScreens\GenericCloudScreen.cpp" />
    <ClCompile Include="$(MSBuildThisFileDirectory)GameScreens\MenuScreen.cpp" />
    <ClCompile Include="$(MSBuildThisFileDirectory)Helpers\Geometry.cpp" />
    <ClCompile Include="$(MSBuildThisFileDirectory)Helpers\LevelDataLoader.cpp" />
    <ClCompile Include="$(MSBuildThisFileDirectory)Helpers\LocalDiagnostics.cpp" />
    <ClCompile Include="$(MSBuildThisFileDirectory)Helpers\RWContract.cpp" />
    <ClCompile Include="$(MSBuildThisFileDirectory)Helpers\SettingsHelper.cpp" />
    <ClCompile Include="$(MSBuildThisFileDirectory)Helpers\StaticDataHelper.cpp" />
    <ClCompile Include="$(MSBuildThisFileDirectory)Helpers\Timer.cpp" />
    <ClCompile Include="$(MSBuildThisFileDirectory)Helpers\TopScoreLoader.cpp" />
    <ClCompile Include="$(MSBuildThisFileDirectory)ParticleSystem\Particle.cpp" />
    <ClCompile Include="$(MSBuildThisFileDirectory)ParticleSystem\ParticleCore.cpp" />
    <ClCompile Include="$(MSBuildThisFileDirectory)ParticleSystem\ParticleSet.cpp" />
    <ClCompile Include="$(MSBuildThisFileDirectory)ScreenManager.cpp" />
    <ClCompile Include="$(MSBuildThisFileDirectory)Controls\HealthBar.xaml.cpp" />
    <ClCompile Include="$(MSBuildThisFileDirectory)Audio\AudioEngine.cpp">
      <Filter>Audio</Filter>
    </ClCompile>
    <ClCompile Include="$(MSBuildThisFileDirectory)Audio\AudioManager.cpp">
      <Filter>Audio</Filter>
    </ClCompile>
    <ClCompile Include="$(MSBuildThisFileDirectory)Audio\MediaStreamer.cpp">
      <Filter>Audio</Filter>
    </ClCompile>
    <ClCompile Include="$(MSBuildThisFileDirectory)MenuItems\MenuItem.xaml.cpp" />
  </ItemGroup>
  <ItemGroup>
    <FxCompile Include="$(MSBuildThisFileDirectory)Shaders\GeometryShader.gs.hlsl">
      <Filter>Shaders</Filter>
    </FxCompile>
    <FxCompile Include="$(MSBuildThisFileDirectory)Shaders\GeometryShader.vs.hlsl">
      <Filter>Shaders</Filter>
    </FxCompile>
    <FxCompile Include="$(MSBuildThisFileDirectory)Shaders\Instancing.vs.hlsl">
      <Filter>Shaders</Filter>
    </FxCompile>
    <FxCompile Include="$(MSBuildThisFileDirectory)Shaders\PixelShader.hlsl">
      <Filter>Shaders</Filter>
    </FxCompile>
    <FxCompile Include="$(MSBuildThisFileDirectory)Shaders\Replication.vs.hlsl">
      <Filter>Shaders</Filter>
    </FxCompile>
  </ItemGroup>
  <ItemGroup>
    <Filter Include="Common">
      <UniqueIdentifier>{c64b3db3-a978-40e6-a2df-07b1cc4a1361}</UniqueIdentifier>
    </Filter>
    <Filter Include="Shaders">
      <UniqueIdentifier>{02a7d0c5-439d-4873-b87a-ef161bb2538e}</UniqueIdentifier>
    </Filter>
    <Filter Include="Audio">
      <UniqueIdentifier>{89f3ba89-a442-4d8f-8e92-c2be66b313f2}</UniqueIdentifier>
    </Filter>
    <Filter Include="Controls">
      <UniqueIdentifier>{68f5ba64-1b4f-4573-8ba7-b8ddbb5eb0dc}</UniqueIdentifier>
    </Filter>
    <Filter Include="MenuItems">
      <UniqueIdentifier>{38e095f9-fe56-4b02-9ff9-625ee09c667c}</UniqueIdentifier>
    </Filter>
    <Filter Include="Assets">
      <UniqueIdentifier>{d1c53f4c-4ccb-4ad4-beba-36486dd261cd}</UniqueIdentifier>
    </Filter>
    <Filter Include="Assets\Backgrounds">
      <UniqueIdentifier>{b5e7ef1c-fcdf-45d4-83e7-14cc31618f16}</UniqueIdentifier>
    </Filter>
    <Filter Include="Assets\Bear">
      <UniqueIdentifier>{cd09e821-1892-4c09-aa07-19885eb03121}</UniqueIdentifier>
    </Filter>
    <Filter Include="Assets\HUD">
      <UniqueIdentifier>{041ff2ec-d21f-4a9e-a621-f512f3ed0975}</UniqueIdentifier>
    </Filter>
    <Filter Include="Assets\Icons">
      <UniqueIdentifier>{d2e1137b-7de4-485b-8caf-5195975f84e7}</UniqueIdentifier>
    </Filter>
    <Filter Include="Assets\Medals">
      <UniqueIdentifier>{80ff1f1f-b73d-4e04-8db1-592fe3972a44}</UniqueIdentifier>
    </Filter>
    <Filter Include="Assets\Misc">
      <UniqueIdentifier>{2fbfe037-7ae4-4832-8897-5323aff38696}</UniqueIdentifier>
    </Filter>
    <Filter Include="Assets\Monsters">
      <UniqueIdentifier>{bbccc1b2-d43f-4d39-b6bf-ba5f3d0296ee}</UniqueIdentifier>
    </Filter>
    <Filter Include="Assets\Music">
      <UniqueIdentifier>{9b57f2f5-f09c-4022-95a5-38b3c019fd29}</UniqueIdentifier>
    </Filter>
    <Filter Include="Assets\Powerups">
      <UniqueIdentifier>{4e65deb3-cf06-49fe-9755-134b9c8069c7}</UniqueIdentifier>
    </Filter>
    <Filter Include="Assets\Sounds">
      <UniqueIdentifier>{3bf83f71-fa40-4b62-bfa5-1d623aafc363}</UniqueIdentifier>
    </Filter>
    <Filter Include="DDS">
      <UniqueIdentifier>{75c83f43-bbad-4140-808c-96b711b2a7ad}</UniqueIdentifier>
    </Filter>
    <Filter Include="DDS\Bear">
      <UniqueIdentifier>{802e16de-6154-4425-ae33-a298b1edc18d}</UniqueIdentifier>
    </Filter>
    <Filter Include="DDS\Bosses">
      <UniqueIdentifier>{afa717fe-6b9d-49cd-a5ea-fcb4163c8479}</UniqueIdentifier>
    </Filter>
    <Filter Include="DDS\Levels">
      <UniqueIdentifier>{cc92a23a-f139-4238-980a-a43d426ba3cd}</UniqueIdentifier>
    </Filter>
    <Filter Include="DDS\Powerups">
      <UniqueIdentifier>{0c46b330-c0b2-4079-b22e-5f20c57881aa}</UniqueIdentifier>
    </Filter>
    <Filter Include="DDS\Weapons">
      <UniqueIdentifier>{95ca5e60-b0bb-4835-bb5b-a9cecad0eac3}</UniqueIdentifier>
    </Filter>
    <Filter Include="DDS\Bear\Customized">
      <UniqueIdentifier>{d1d73f87-fc0d-4651-94ef-a93db14d4130}</UniqueIdentifier>
    </Filter>
    <Filter Include="DDS\Levels\Dream">
      <UniqueIdentifier>{cb93721b-79a7-48e6-92c9-b87a3822f5f4}</UniqueIdentifier>
    </Filter>
    <Filter Include="DDS\Levels\MagicBean">
      <UniqueIdentifier>{968a53c3-b4d5-47f7-865b-708029cd2797}</UniqueIdentifier>
    </Filter>
    <Filter Include="DDS\Levels\Nightmare">
      <UniqueIdentifier>{19d6f0f9-dfb0-4a6e-b481-6fc5b3697bcf}</UniqueIdentifier>
    </Filter>
    <Filter Include="DDS\Levels\Space">
      <UniqueIdentifier>{ff8ccd79-b7d4-42d4-9c6f-2cd430420fcb}</UniqueIdentifier>
    </Filter>
    <Filter Include="Levels">
      <UniqueIdentifier>{a4a9ee6c-21f8-4c2b-9aa7-84c05b7482c4}</UniqueIdentifier>
    </Filter>
    <Filter Include="Levels\Garden">
      <UniqueIdentifier>{83f890d3-d3e4-4d0a-a93f-565d2d215ca4}</UniqueIdentifier>
    </Filter>
    <Filter Include="Levels\GoGoTeddy">
      <UniqueIdentifier>{c087b50a-9d17-4b08-b9e9-ee0d9cc889a8}</UniqueIdentifier>
    </Filter>
    <Filter Include="Levels\Nightmare">
      <UniqueIdentifier>{6672095b-b763-4591-b941-1647831c414c}</UniqueIdentifier>
    </Filter>
    <Filter Include="Levels\Space">
      <UniqueIdentifier>{ebe8f1dc-fbaa-4621-9908-0d5b608bf011}</UniqueIdentifier>
    </Filter>
    <Filter Include="Levels\test">
      <UniqueIdentifier>{f1e52cf6-0cf6-4869-983f-a6842b64d2e6}</UniqueIdentifier>
    </Filter>
    <Filter Include="Levels\test\Buttons">
      <UniqueIdentifier>{13e90faa-a755-42c7-97c6-2422b6629e17}</UniqueIdentifier>
    </Filter>
    <Filter Include="Levels\test\Death">
      <UniqueIdentifier>{c8983389-cf9f-483e-8851-e42d196c09f0}</UniqueIdentifier>
    </Filter>
    <Filter Include="Levels\test\Medals">
      <UniqueIdentifier>{4511272c-be92-4c4e-9134-e6017fd8866d}</UniqueIdentifier>
    </Filter>
    <Filter Include="Levels\test\Monsters">
      <UniqueIdentifier>{b15753f0-c18f-48f1-a967-e3e4b24d02e3}</UniqueIdentifier>
    </Filter>
    <Filter Include="Levels\test\Obstacle">
      <UniqueIdentifier>{2e0e8578-cca6-49d1-aa03-5dd2ab219de4}</UniqueIdentifier>
    </Filter>
    <Filter Include="Levels\test\PowerUps">
      <UniqueIdentifier>{c44a37f3-f262-4ab8-b1f4-1d68ed6f5578}</UniqueIdentifier>
    </Filter>
    <Filter Include="Levels\test\Obstacle\bean">
      <UniqueIdentifier>{ecf729fd-5c1d-44fc-a0b8-c5980b5f4f2b}</UniqueIdentifier>
    </Filter>
    <Filter Include="Levels\test\Obstacle\dream">
      <UniqueIdentifier>{adf0f0de-0444-49d2-9f47-58c09887ea15}</UniqueIdentifier>
    </Filter>
    <Filter Include="Levels\test\Obstacle\nightmare">
      <UniqueIdentifier>{7ece4528-e5b5-4912-be68-4a294f54ffbd}</UniqueIdentifier>
    </Filter>
  </ItemGroup>
  <ItemGroup>
    <Page Include="$(MSBuildThisFileDirectory)Common\FallFuryStyles.xaml">
      <Filter>Common</Filter>
    </Page>
    <Page Include="$(MSBuildThisFileDirectory)Common\StandardStyles.xaml">
      <Filter>Common</Filter>
    </Page>
    <Page Include="$(MSBuildThisFileDirectory)Controls\HealthBar.xaml">
      <Filter>Controls</Filter>
    </Page>
    <Page Include="$(MSBuildThisFileDirectory)MenuItems\MenuItem.xaml">
      <Filter>MenuItems</Filter>
    </Page>
  </ItemGroup>
  <ItemGroup>
    <Image Include="$(MSBuildThisFileDirectory)Assets\Backgrounds\badhealth.png">
      <Filter>Assets\Backgrounds</Filter>
    </Image>
    <Image Include="$(MSBuildThisFileDirectory)Assets\Backgrounds\cloud_overlay_a.png">
      <Filter>Assets\Backgrounds</Filter>
    </Image>
    <Image Include="$(MSBuildThisFileDirectory)Assets\Backgrounds\cloud_overlay_b.png">
      <Filter>Assets\Backgrounds</Filter>
    </Image>
    <Image Include="$(MSBuildThisFileDirectory)Assets\Backgrounds\galaxy_overlay_a.png">
      <Filter>Assets\Backgrounds</Filter>
    </Image>
    <Image Include="$(MSBuildThisFileDirectory)Assets\Backgrounds\galaxy_overlay_b.png">
      <Filter>Assets\Backgrounds</Filter>
    </Image>
    <Image Include="$(MSBuildThisFileDirectory)Assets\Backgrounds\generic_blue_a.png">
      <Filter>Assets\Backgrounds</Filter>
    </Image>
    <Image Include="$(MSBuildThisFileDirectory)Assets\Backgrounds\generic_blue_b.png">
      <Filter>Assets\Backgrounds</Filter>
    </Image>
    <Image Include="$(MSBuildThisFileDirectory)Assets\Backgrounds\generic_dark_blue_a.png">
      <Filter>Assets\Backgrounds</Filter>
    </Image>
    <Image Include="$(MSBuildThisFileDirectory)Assets\Backgrounds\generic_dark_blue_b.png">
      <Filter>Assets\Backgrounds</Filter>
    </Image>
    <Image Include="$(MSBuildThisFileDirectory)Assets\Backgrounds\generic_red_a.png">
      <Filter>Assets\Backgrounds</Filter>
    </Image>
    <Image Include="$(MSBuildThisFileDirectory)Assets\Backgrounds\generic_red_b.png">
      <Filter>Assets\Backgrounds</Filter>
    </Image>
    <Image Include="$(MSBuildThisFileDirectory)Assets\Backgrounds\star_overlay_a.png">
      <Filter>Assets\Backgrounds</Filter>
    </Image>
    <Image Include="$(MSBuildThisFileDirectory)Assets\Backgrounds\star_overlay_b.png">
      <Filter>Assets\Backgrounds</Filter>
    </Image>
    <Image Include="$(MSBuildThisFileDirectory)Assets\Bear\bear_dead_body.png">
      <Filter>Assets\Bear</Filter>
    </Image>
    <Image Include="$(MSBuildThisFileDirectory)Assets\Bear\bear_dead_head.png">
      <Filter>Assets\Bear</Filter>
    </Image>
    <Image Include="$(MSBuildThisFileDirectory)Assets\Bear\bear_dead_leftarm.png">
      <Filter>Assets\Bear</Filter>
    </Image>
    <Image Include="$(MSBuildThisFileDirectory)Assets\Bear\bear_dead_rightarm.png">
      <Filter>Assets\Bear</Filter>
    </Image>
    <Image Include="$(MSBuildThisFileDirectory)Assets\Bear\bear_leftarm.png">
      <Filter>Assets\Bear</Filter>
    </Image>
    <Image Include="$(MSBuildThisFileDirectory)Assets\Bear\bear_rightarm.png">
      <Filter>Assets\Bear</Filter>
    </Image>
    <Image Include="$(MSBuildThisFileDirectory)Assets\Bear\full_body.png">
      <Filter>Assets\Bear</Filter>
    </Image>
    <Image Include="$(MSBuildThisFileDirectory)Assets\Bear\winner_down.png">
      <Filter>Assets\Bear</Filter>
    </Image>
    <Image Include="$(MSBuildThisFileDirectory)Assets\Bear\winner_up.png">
      <Filter>Assets\Bear</Filter>
    </Image>
    <Image Include="$(MSBuildThisFileDirectory)Assets\HUD\buttonHud.png">
      <Filter>Assets\HUD</Filter>
    </Image>
    <Image Include="$(MSBuildThisFileDirectory)Assets\HUD\clockHud.png">
      <Filter>Assets\HUD</Filter>
    </Image>
    <Image Include="$(MSBuildThisFileDirectory)Assets\HUD\heartHud.png">
      <Filter>Assets\HUD</Filter>
    </Image>
    <Image Include="$(MSBuildThisFileDirectory)Assets\HUD\pauseButton.png">
      <Filter>Assets\HUD</Filter>
    </Image>
    <Image Include="$(MSBuildThisFileDirectory)Assets\Icons\30x30Tile.png">
      <Filter>Assets\Icons</Filter>
    </Image>
    <Image Include="$(MSBuildThisFileDirectory)Assets\Icons\50x50Tile.png">
      <Filter>Assets\Icons</Filter>
    </Image>
    <Image Include="$(MSBuildThisFileDirectory)Assets\Icons\150x150Tile.scale-80.png">
      <Filter>Assets\Icons</Filter>
    </Image>
    <Image Include="$(MSBuildThisFileDirectory)Assets\Icons\150x150Tile.scale-100.png">
      <Filter>Assets\Icons</Filter>
    </Image>
    <Image Include="$(MSBuildThisFileDirectory)Assets\Icons\150x150Tile.scale-140.png">
      <Filter>Assets\Icons</Filter>
    </Image>
    <Image Include="$(MSBuildThisFileDirectory)Assets\Icons\150x150Tile.scale-180.png">
      <Filter>Assets\Icons</Filter>
    </Image>
    <Image Include="$(MSBuildThisFileDirectory)Assets\Icons\310x150Tile.scale-100.png">
      <Filter>Assets\Icons</Filter>
    </Image>
    <Image Include="$(MSBuildThisFileDirectory)Assets\Icons\SplashScreen.png">
      <Filter>Assets\Icons</Filter>
    </Image>
    <Image Include="$(MSBuildThisFileDirectory)Assets\Medals\bronze.png">
      <Filter>Assets\Medals</Filter>
    </Image>
    <Image Include="$(MSBuildThisFileDirectory)Assets\Medals\gold.png">
      <Filter>Assets\Medals</Filter>
    </Image>
    <Image Include="$(MSBuildThisFileDirectory)Assets\Medals\silver.png">
      <Filter>Assets\Medals</Filter>
    </Image>
    <Image Include="$(MSBuildThisFileDirectory)Assets\Misc\circle.png">
      <Filter>Assets\Misc</Filter>
    </Image>
    <Image Include="$(MSBuildThisFileDirectory)Assets\Misc\large_logo.png">
      <Filter>Assets\Misc</Filter>
    </Image>
    <Image Include="$(MSBuildThisFileDirectory)Assets\Misc\microparticle.png">
      <Filter>Assets\Misc</Filter>
    </Image>
    <Image Include="$(MSBuildThisFileDirectory)Assets\Misc\project_logo.png">
      <Filter>Assets\Misc</Filter>
    </Image>
    <Image Include="$(MSBuildThisFileDirectory)Assets\Monsters\demoboss1.png">
      <Filter>Assets\Monsters</Filter>
    </Image>
    <Image Include="$(MSBuildThisFileDirectory)Assets\Monsters\demoboss2.png">
      <Filter>Assets\Monsters</Filter>
    </Image>
    <Image Include="$(MSBuildThisFileDirectory)Assets\Monsters\demoboss3.png">
      <Filter>Assets\Monsters</Filter>
    </Image>
    <Image Include="$(MSBuildThisFileDirectory)Assets\Powerups\bubble.png">
      <Filter>Assets\Powerups</Filter>
    </Image>
    <Image Include="$(MSBuildThisFileDirectory)Assets\Powerups\cape.png">
      <Filter>Assets\Powerups</Filter>
    </Image>
    <Image Include="$(MSBuildThisFileDirectory)Assets\Powerups\helmet.png">
      <Filter>Assets\Powerups</Filter>
    </Image>
    <Image Include="$(MSBuildThisFileDirectory)Assets\Powerups\parachute.png">
      <Filter>Assets\Powerups</Filter>
    </Image>
    <Image Include="$(MSBuildThisFileDirectory)Assets\FallFuryLogo.png">
      <Filter>Assets</Filter>
    </Image>
    <Image Include="$(MSBuildThisFileDirectory)Assets\leftArrow.png">
      <Filter>Assets</Filter>
    </Image>
    <Image Include="$(MSBuildThisFileDirectory)Assets\rightArrow.png">
      <Filter>Assets</Filter>
    </Image>
    <Image Include="$(MSBuildThisFileDirectory)DDS\Bear\bear_body_left.dds">
      <Filter>DDS\Bear</Filter>
    </Image>
    <Image Include="$(MSBuildThisFileDirectory)DDS\Bear\bear_body_right.dds">
      <Filter>DDS\Bear</Filter>
    </Image>
    <Image Include="$(MSBuildThisFileDirectory)DDS\Bear\bear_head_hurt.dds">
      <Filter>DDS\Bear</Filter>
    </Image>
    <Image Include="$(MSBuildThisFileDirectory)DDS\Bear\bear_head_left.dds">
      <Filter>DDS\Bear</Filter>
    </Image>
    <Image Include="$(MSBuildThisFileDirectory)DDS\Bear\bear_head_right.dds">
      <Filter>DDS\Bear</Filter>
    </Image>
    <Image Include="$(MSBuildThisFileDirectory)DDS\Bear\bear_headblink_left.dds">
      <Filter>DDS\Bear</Filter>
    </Image>
    <Image Include="$(MSBuildThisFileDirectory)DDS\Bear\bear_headblink_right.dds">
      <Filter>DDS\Bear</Filter>
    </Image>
    <Image Include="$(MSBuildThisFileDirectory)DDS\Bear\Customized\bear_cape.dds">
      <Filter>DDS\Bear\Customized</Filter>
    </Image>
    <Image Include="$(MSBuildThisFileDirectory)DDS\Bear\Customized\bear_helmet.dds">
      <Filter>DDS\Bear\Customized</Filter>
    </Image>
    <Image Include="$(MSBuildThisFileDirectory)DDS\Bear\Customized\bear_parachute_left.dds">
      <Filter>DDS\Bear\Customized</Filter>
    </Image>
    <Image Include="$(MSBuildThisFileDirectory)DDS\Bear\Customized\bear_parachute_right.dds">
      <Filter>DDS\Bear\Customized</Filter>
    </Image>
    <Image Include="$(MSBuildThisFileDirectory)DDS\Bear\Customized\bubble.dds">
      <Filter>DDS\Bear\Customized</Filter>
    </Image>
    <Image Include="$(MSBuildThisFileDirectory)DDS\Bosses\boss01_1.dds">
      <Filter>DDS\Bosses</Filter>
    </Image>
    <Image Include="$(MSBuildThisFileDirectory)DDS\Bosses\boss01_2.dds">
      <Filter>DDS\Bosses</Filter>
    </Image>
    <Image Include="$(MSBuildThisFileDirectory)DDS\Bosses\boss01_3.dds">
      <Filter>DDS\Bosses</Filter>
    </Image>
    <Image Include="$(MSBuildThisFileDirectory)DDS\Bosses\boss02_01.dds">
      <Filter>DDS\Bosses</Filter>
    </Image>
    <Image Include="$(MSBuildThisFileDirectory)DDS\Bosses\boss02_02.dds">
      <Filter>DDS\Bosses</Filter>
    </Image>
    <Image Include="$(MSBuildThisFileDirectory)DDS\Bosses\boss02_03.dds">
      <Filter>DDS\Bosses</Filter>
    </Image>
    <Image Include="$(MSBuildThisFileDirectory)DDS\Bosses\boss03_01.dds">
      <Filter>DDS\Bosses</Filter>
    </Image>
    <Image Include="$(MSBuildThisFileDirectory)DDS\Bosses\boss03_02.dds">
      <Filter>DDS\Bosses</Filter>
    </Image>
    <Image Include="$(MSBuildThisFileDirectory)DDS\Bosses\boss04_01.dds">
      <Filter>DDS\Bosses</Filter>
    </Image>
    <Image Include="$(MSBuildThisFileDirectory)DDS\Bosses\boss04_02.dds">
      <Filter>DDS\Bosses</Filter>
    </Image>
    <Image Include="$(MSBuildThisFileDirectory)DDS\Bosses\boss04_03.dds">
      <Filter>DDS\Bosses</Filter>
    </Image>
    <Image Include="$(MSBuildThisFileDirectory)DDS\Bosses\boss05_01.dds">
      <Filter>DDS\Bosses</Filter>
    </Image>
    <Image Include="$(MSBuildThisFileDirectory)DDS\Bosses\boss05_02.dds">
      <Filter>DDS\Bosses</Filter>
    </Image>
    <Image Include="$(MSBuildThisFileDirectory)DDS\Bosses\boss05_03.dds">
      <Filter>DDS\Bosses</Filter>
    </Image>
    <Image Include="$(MSBuildThisFileDirectory)DDS\Bosses\boss06_01.dds">
      <Filter>DDS\Bosses</Filter>
    </Image>
    <Image Include="$(MSBuildThisFileDirectory)DDS\Bosses\boss06_02.dds">
      <Filter>DDS\Bosses</Filter>
    </Image>
    <Image Include="$(MSBuildThisFileDirectory)DDS\Bosses\boss06_03.dds">
      <Filter>DDS\Bosses</Filter>
    </Image>
    <Image Include="$(MSBuildThisFileDirectory)DDS\Bosses\boss07_01.dds">
      <Filter>DDS\Bosses</Filter>
    </Image>
    <Image Include="$(MSBuildThisFileDirectory)DDS\Bosses\boss07_02.dds">
      <Filter>DDS\Bosses</Filter>
    </Image>
    <Image Include="$(MSBuildThisFileDirectory)DDS\Bosses\boss07_03.dds">
      <Filter>DDS\Bosses</Filter>
    </Image>
    <Image Include="$(MSBuildThisFileDirectory)DDS\Bosses\boss07_04.dds">
      <Filter>DDS\Bosses</Filter>
    </Image>
    <Image Include="$(MSBuildThisFileDirectory)DDS\Bosses\boss08_01.dds">
      <Filter>DDS\Bosses</Filter>
    </Image>
    <Image Include="$(MSBuildThisFileDirectory)DDS\Bosses\boss08_02.dds">
      <Filter>DDS\Bosses</Filter>
    </Image>
    <Image Include="$(MSBuildThisFileDirectory)DDS\Bosses\boss08_03.dds">
      <Filter>DDS\Bosses</Filter>
    </Image>
    <Image Include="$(MSBuildThisFileDirectory)DDS\Bosses\boss09_01.dds">
      <Filter>DDS\Bosses</Filter>
    </Image>
    <Image Include="$(MSBuildThisFileDirectory)DDS\Bosses\boss09_02.dds">
      <Filter>DDS\Bosses</Filter>
    </Image>
    <Image Include="$(MSBuildThisFileDirectory)DDS\Bosses\boss09_03.dds">
      <Filter>DDS\Bosses</Filter>
    </Image>
    <Image Include="$(MSBuildThisFileDirectory)DDS\Bosses\boss10_01.dds">
      <Filter>DDS\Bosses</Filter>
    </Image>
    <Image Include="$(MSBuildThisFileDirectory)DDS\Bosses\boss10_02.dds">
      <Filter>DDS\Bosses</Filter>
    </Image>
    <Image Include="$(MSBuildThisFileDirectory)DDS\Bosses\boss11_01.dds">
      <Filter>DDS\Bosses</Filter>
    </Image>
    <Image Include="$(MSBuildThisFileDirectory)DDS\Bosses\boss11_02.dds">
      <Filter>DDS\Bosses</Filter>
    </Image>
    <Image Include="$(MSBuildThisFileDirectory)DDS\Bosses\boss11_03.dds">
      <Filter>DDS\Bosses</Filter>
    </Image>
    <Image Include="$(MSBuildThisFileDirectory)DDS\Levels\Dream\TEST_backgroundDream_01.dds">
      <Filter>DDS\Levels\Dream</Filter>
    </Image>
    <Image Include="$(MSBuildThisFileDirectory)DDS\Levels\Dream\TEST_backgroundDream_02.dds">
      <Filter>DDS\Levels\Dream</Filter>
    </Image>
    <Image Include="$(MSBuildThisFileDirectory)DDS\Levels\Dream\TEST_obstacle1.dds">
      <Filter>DDS\Levels\Dream</Filter>
    </Image>
    <Image Include="$(MSBuildThisFileDirectory)DDS\Levels\Dream\TEST_obstacle2.dds">
      <Filter>DDS\Levels\Dream</Filter>
    </Image>
    <Image Include="$(MSBuildThisFileDirectory)DDS\Levels\MagicBean\obstacle01.dds">
      <Filter>DDS\Levels\MagicBean</Filter>
    </Image>
    <Image Include="$(MSBuildThisFileDirectory)DDS\Levels\MagicBean\obstacle02.dds">
      <Filter>DDS\Levels\MagicBean</Filter>
    </Image>
    <Image Include="$(MSBuildThisFileDirectory)DDS\Levels\MagicBean\obstacle03.dds">
      <Filter>DDS\Levels\MagicBean</Filter>
    </Image>
    <Image Include="$(MSBuildThisFileDirectory)DDS\Levels\MagicBean\obstacle04.dds">
      <Filter>DDS\Levels\MagicBean</Filter>
    </Image>
    <Image Include="$(MSBuildThisFileDirectory)DDS\Levels\MagicBean\obstacle05.dds">
      <Filter>DDS\Levels\MagicBean</Filter>
    </Image>
    <Image Include="$(MSBuildThisFileDirectory)DDS\Levels\Space\obstacleSpace01.dds">
      <Filter>DDS\Levels\Space</Filter>
    </Image>
    <Image Include="$(MSBuildThisFileDirectory)DDS\Levels\Space\obstacleSpace02.dds">
      <Filter>DDS\Levels\Space</Filter>
    </Image>
    <Image Include="$(MSBuildThisFileDirectory)DDS\Levels\Space\obstacleSpace03.dds">
      <Filter>DDS\Levels\Space</Filter>
    </Image>
    <Image Include="$(MSBuildThisFileDirectory)DDS\Levels\Space\obstacleSpace04.dds">
      <Filter>DDS\Levels\Space</Filter>
    </Image>
    <Image Include="$(MSBuildThisFileDirectory)DDS\Levels\Space\obstacleSpace05.dds">
      <Filter>DDS\Levels\Space</Filter>
    </Image>
    <Image Include="$(MSBuildThisFileDirectory)DDS\Levels\Space\obstacleSpace06.dds">
      <Filter>DDS\Levels\Space</Filter>
    </Image>
    <Image Include="$(MSBuildThisFileDirectory)DDS\Levels\Nightmare\cloudBig.dds">
      <Filter>DDS\Levels\Nightmare</Filter>
    </Image>
    <Image Include="$(MSBuildThisFileDirectory)DDS\Levels\Nightmare\spikeplat.dds">
      <Filter>DDS\Levels\Nightmare</Filter>
    </Image>
    <Image Include="$(MSBuildThisFileDirectory)DDS\Levels\Nightmare\spikesLarge.dds">
      <Filter>DDS\Levels\Nightmare</Filter>
    </Image>
    <Image Include="$(MSBuildThisFileDirectory)DDS\Levels\Nightmare\spikesMedium.dds">
      <Filter>DDS\Levels\Nightmare</Filter>
    </Image>
    <Image Include="$(MSBuildThisFileDirectory)DDS\Levels\Nightmare\spikesSmall.dds">
      <Filter>DDS\Levels\Nightmare</Filter>
    </Image>
    <Image Include="$(MSBuildThisFileDirectory)DDS\Weapons\axe.dds">
      <Filter>DDS\Weapons</Filter>
    </Image>
    <Image Include="$(MSBuildThisFileDirectory)DDS\Weapons\boomerang.dds">
      <Filter>DDS\Weapons</Filter>
    </Image>
    <Image Include="$(MSBuildThisFileDirectory)DDS\Weapons\fire01.dds">
      <Filter>DDS\Weapons</Filter>
    </Image>
    <Image Include="$(MSBuildThisFileDirectory)DDS\Weapons\fire02.dds">
      <Filter>DDS\Weapons</Filter>
    </Image>
    <Image Include="$(MSBuildThisFileDirectory)DDS\Weapons\fire03.dds">
      <Filter>DDS\Weapons</Filter>
    </Image>
    <Image Include="$(MSBuildThisFileDirectory)DDS\Weapons\hammer.dds">
      <Filter>DDS\Weapons</Filter>
    </Image>
    <Image Include="$(MSBuildThisFileDirectory)DDS\Weapons\knife.dds">
      <Filter>DDS\Weapons</Filter>
    </Image>
    <Image Include="$(MSBuildThisFileDirectory)DDS\Weapons\plasma_enemy.dds">
      <Filter>DDS\Weapons</Filter>
    </Image>
    <Image Include="$(MSBuildThisFileDirectory)DDS\Weapons\plasmaball.dds">
      <Filter>DDS\Weapons</Filter>
    </Image>
    <Image Include="$(MSBuildThisFileDirectory)DDS\Weapons\shock01.dds">
      <Filter>DDS\Weapons</Filter>
    </Image>
    <Image Include="$(MSBuildThisFileDirectory)DDS\Weapons\shock02.dds">
      <Filter>DDS\Weapons</Filter>
    </Image>
    <Image Include="$(MSBuildThisFileDirectory)DDS\Weapons\shock03.dds">
      <Filter>DDS\Weapons</Filter>
    </Image>
    <Image Include="$(MSBuildThisFileDirectory)DDS\Powerups\powerupAxe.dds">
      <Filter>DDS\Powerups</Filter>
    </Image>
    <Image Include="$(MSBuildThisFileDirectory)DDS\Powerups\powerupBoomerang.dds">
      <Filter>DDS\Powerups</Filter>
    </Image>
    <Image Include="$(MSBuildThisFileDirectory)DDS\Powerups\powerupBubble.dds">
      <Filter>DDS\Powerups</Filter>
    </Image>
    <Image Include="$(MSBuildThisFileDirectory)DDS\Powerups\powerupCape.dds">
      <Filter>DDS\Powerups</Filter>
    </Image>
    <Image Include="$(MSBuildThisFileDirectory)DDS\Powerups\powerupHammer.dds">
      <Filter>DDS\Powerups</Filter>
    </Image>
    <Image Include="$(MSBuildThisFileDirectory)DDS\Powerups\powerupHealth.dds">
      <Filter>DDS\Powerups</Filter>
    </Image>
    <Image Include="$(MSBuildThisFileDirectory)DDS\Powerups\powerupHelmet.dds">
      <Filter>DDS\Powerups</Filter>
    </Image>
    <Image Include="$(MSBuildThisFileDirectory)DDS\Powerups\powerupKnife.dds">
      <Filter>DDS\Powerups</Filter>
    </Image>
    <Image Include="$(MSBuildThisFileDirectory)DDS\Powerups\powerupParachute.dds">
      <Filter>DDS\Powerups</Filter>
    </Image>
    <Image Include="$(MSBuildThisFileDirectory)DDS\Powerups\powerupPlasmaBall.dds">
      <Filter>DDS\Powerups</Filter>
    </Image>
    <Image Include="$(MSBuildThisFileDirectory)DDS\button.dds">
      <Filter>DDS</Filter>
    </Image>
    <Image Include="$(MSBuildThisFileDirectory)DDS\lightning.dds">
      <Filter>DDS</Filter>
    </Image>
    <Image Include="$(MSBuildThisFileDirectory)DDS\monster.dds">
      <Filter>DDS</Filter>
    </Image>
    <Image Include="$(MSBuildThisFileDirectory)DDS\ninjastar.dds">
      <Filter>DDS</Filter>
    </Image>
    <Image Include="$(MSBuildThisFileDirectory)DDS\particle.dds">
      <Filter>DDS</Filter>
    </Image>
    <Image Include="$(MSBuildThisFileDirectory)DDS\sparkle.dds">
      <Filter>DDS</Filter>
    </Image>
    <Image Include="$(MSBuildThisFileDirectory)DDS\stuffing.dds">
      <Filter>DDS</Filter>
    </Image>
  </ItemGroup>
  <ItemGroup>
    <None Include="$(MSBuildThisFileDirectory)Assets\Music\candyland_theme.wma">
      <Filter>Assets\Music</Filter>
    </None>
    <None Include="$(MSBuildThisFileDirectory)Assets\Music\game_over.wma">
      <Filter>Assets\Music</Filter>
    </None>
    <None Include="$(MSBuildThisFileDirectory)Assets\Music\game_won.wma">
      <Filter>Assets\Music</Filter>
    </None>
    <None Include="$(MSBuildThisFileDirectory)Assets\Music\magic_bean_theme.wma">
      <Filter>Assets\Music</Filter>
    </None>
    <None Include="$(MSBuildThisFileDirectory)Assets\Music\maintheme.wma">
      <Filter>Assets\Music</Filter>
    </None>
    <None Include="$(MSBuildThisFileDirectory)Assets\Music\nightmare_theme.wma">
      <Filter>Assets\Music</Filter>
    </None>
  </ItemGroup>
  <ItemGroup>
    <Media Include="$(MSBuildThisFileDirectory)Assets\Sounds\BearCry.wav">
      <Filter>Assets\Sounds</Filter>
    </Media>
    <Media Include="$(MSBuildThisFileDirectory)Assets\Sounds\Coin1.wav">
      <Filter>Assets\Sounds</Filter>
    </Media>
    <Media Include="$(MSBuildThisFileDirectory)Assets\Sounds\EnemyDead1.wav">
      <Filter>Assets\Sounds</Filter>
    </Media>
    <Media Include="$(MSBuildThisFileDirectory)Assets\Sounds\EnemyDead2.wav">
      <Filter>Assets\Sounds</Filter>
    </Media>
    <Media Include="$(MSBuildThisFileDirectory)Assets\Sounds\EnemyDead3.wav">
      <Filter>Assets\Sounds</Filter>
    </Media>
    <Media Include="$(MSBuildThisFileDirectory)Assets\Sounds\GenericPowerup.wav">
      <Filter>Assets\Sounds</Filter>
    </Media>
    <Media Include="$(MSBuildThisFileDirectory)Assets\Sounds\HardSoft1.wav">
      <Filter>Assets\Sounds</Filter>
    </Media>
    <Media Include="$(MSBuildThisFileDirectory)Assets\Sounds\HealthMax.wav">
      <Filter>Assets\Sounds</Filter>
    </Media>
    <Media Include="$(MSBuildThisFileDirectory)Assets\Sounds\HelmetPowerup.wav">
      <Filter>Assets\Sounds</Filter>
    </Media>
    <Media Include="$(MSBuildThisFileDirectory)Assets\Sounds\Laugh1.wav">
      <Filter>Assets\Sounds</Filter>
    </Media>
    <Media Include="$(MSBuildThisFileDirectory)Assets\Sounds\Laugh2.wav">
      <Filter>Assets\Sounds</Filter>
    </Media>
    <Media Include="$(MSBuildThisFileDirectory)Assets\Sounds\Laugh3.wav">
      <Filter>Assets\Sounds</Filter>
    </Media>
    <Media Include="$(MSBuildThisFileDirectory)Assets\Sounds\MenuSlide.wav">
      <Filter>Assets\Sounds</Filter>
    </Media>
    <Media Include="$(MSBuildThisFileDirectory)Assets\Sounds\MenuTap.wav">
      <Filter>Assets\Sounds</Filter>
    </Media>
    <Media Include="$(MSBuildThisFileDirectory)Assets\Sounds\Ouch1.wav">
      <Filter>Assets\Sounds</Filter>
    </Media>
    <Media Include="$(MSBuildThisFileDirectory)Assets\Sounds\Ouch2.wav">
      <Filter>Assets\Sounds</Filter>
    </Media>
    <Media Include="$(MSBuildThisFileDirectory)Assets\Sounds\Ouch3.wav">
      <Filter>Assets\Sounds</Filter>
    </Media>
    <Media Include="$(MSBuildThisFileDirectory)Assets\Sounds\ParachutePowerup.wav">
      <Filter>Assets\Sounds</Filter>
    </Media>
    <Media Include="$(MSBuildThisFileDirectory)Assets\Sounds\SharpSoft1.wav">
      <Filter>Assets\Sounds</Filter>
    </Media>
    <Media Include="$(MSBuildThisFileDirectory)Assets\Sounds\Wind.wav">
      <Filter>Assets\Sounds</Filter>
    </Media>
  </ItemGroup>
  <ItemGroup>
    <Xml Include="$(MSBuildThisFileDirectory)Levels\Garden\bean_and_beyond.xml">
      <Filter>Levels\Garden</Filter>
    </Xml>
    <Xml Include="$(MSBuildThisFileDirectory)Levels\Garden\bean_stalking.xml">
      <Filter>Levels\Garden</Filter>
    </Xml>
    <Xml Include="$(MSBuildThisFileDirectory)Levels\Garden\thorn_apart.xml">
      <Filter>Levels\Garden</Filter>
    </Xml>
    <Xml Include="$(MSBuildThisFileDirectory)Levels\GoGoTeddy\chasing_monsters.xml">
      <Filter>Levels\GoGoTeddy</Filter>
    </Xml>
    <Xml Include="$(MSBuildThisFileDirectory)Levels\GoGoTeddy\full_pilot.xml">
      <Filter>Levels\GoGoTeddy</Filter>
    </Xml>
    <Xml Include="$(MSBuildThisFileDirectory)Levels\GoGoTeddy\mind.xml">
      <Filter>Levels\GoGoTeddy</Filter>
    </Xml>
    <Xml Include="$(MSBuildThisFileDirectory)Levels\GoGoTeddy\the_beginning.xml">
      <Filter>Levels\GoGoTeddy</Filter>
    </Xml>
    <Xml Include="$(MSBuildThisFileDirectory)Levels\Nightmare\chasing_monsters.xml">
      <Filter>Levels\Nightmare</Filter>
    </Xml>
    <Xml Include="$(MSBuildThisFileDirectory)Levels\Nightmare\full_pilot.xml">
      <Filter>Levels\Nightmare</Filter>
    </Xml>
    <Xml Include="$(MSBuildThisFileDirectory)Levels\Nightmare\the_beginning.xml">
      <Filter>Levels\Nightmare</Filter>
    </Xml>
    <Xml Include="$(MSBuildThisFileDirectory)Levels\Space\lightyears_away.xml">
      <Filter>Levels\Space</Filter>
    </Xml>
    <Xml Include="$(MSBuildThisFileDirectory)Levels\Space\lost_planet.xml">
      <Filter>Levels\Space</Filter>
    </Xml>
    <Xml Include="$(MSBuildThisFileDirectory)Levels\Space\rocket_power.xml">
      <Filter>Levels\Space</Filter>
    </Xml>
    <Xml Include="$(MSBuildThisFileDirectory)Levels\Space\stars_and_moons.xml">
      <Filter>Levels\Space</Filter>
    </Xml>
    <Xml Include="$(MSBuildThisFileDirectory)Levels\core.xml">
      <Filter>Levels</Filter>
    </Xml>
    <Xml Include="$(MSBuildThisFileDirectory)Levels\test\Buttons\multiple.xml">
      <Filter>Levels\test\Buttons</Filter>
    </Xml>
    <Xml Include="$(MSBuildThisFileDirectory)Levels\test\Buttons\single.xml">
      <Filter>Levels\test\Buttons</Filter>
    </Xml>
    <Xml Include="$(MSBuildThisFileDirectory)Levels\test\Death\0.xml">
      <Filter>Levels\test\Death</Filter>
    </Xml>
    <Xml Include="$(MSBuildThisFileDirectory)Levels\test\Medals\bronze.xml">
      <Filter>Levels\test\Medals</Filter>
    </Xml>
    <Xml Include="$(MSBuildThisFileDirectory)Levels\test\Medals\gold.xml">
      <Filter>Levels\test\Medals</Filter>
    </Xml>
    <Xml Include="$(MSBuildThisFileDirectory)Levels\test\Medals\silver.xml">
      <Filter>Levels\test\Medals</Filter>
    </Xml>
    <Xml Include="$(MSBuildThisFileDirectory)Levels\test\Monsters\0.xml">
      <Filter>Levels\test\Monsters</Filter>
    </Xml>
    <Xml Include="$(MSBuildThisFileDirectory)Levels\test\Monsters\1.xml">
      <Filter>Levels\test\Monsters</Filter>
    </Xml>
    <Xml Include="$(MSBuildThisFileDirectory)Levels\test\Monsters\2.xml">
      <Filter>Levels\test\Monsters</Filter>
    </Xml>
    <Xml Include="$(MSBuildThisFileDirectory)Levels\test\Monsters\3.xml">
      <Filter>Levels\test\Monsters</Filter>
    </Xml>
    <Xml Include="$(MSBuildThisFileDirectory)Levels\test\Monsters\4.xml">
      <Filter>Levels\test\Monsters</Filter>
    </Xml>
    <Xml Include="$(MSBuildThisFileDirectory)Levels\test\Monsters\5.xml">
      <Filter>Levels\test\Monsters</Filter>
    </Xml>
    <Xml Include="$(MSBuildThisFileDirectory)Levels\test\Monsters\6.xml">
      <Filter>Levels\test\Monsters</Filter>
    </Xml>
    <Xml Include="$(MSBuildThisFileDirectory)Levels\test\Monsters\7.xml">
      <Filter>Levels\test\Monsters</Filter>
    </Xml>
    <Xml Include="$(MSBuildThisFileDirectory)Levels\test\Monsters\8.xml">
      <Filter>Levels\test\Monsters</Filter>
    </Xml>
    <Xml Include="$(MSBuildThisFileDirectory)Levels\test\Monsters\9.xml">
      <Filter>Levels\test\Monsters</Filter>
    </Xml>
    <Xml Include="$(MSBuildThisFileDirectory)Levels\test\Monsters\10.xml">
      <Filter>Levels\test\Monsters</Filter>
    </Xml>
    <Xml Include="$(MSBuildThisFileDirectory)Levels\test\PowerUps\0.xml">
      <Filter>Levels\test\PowerUps</Filter>
    </Xml>
    <Xml Include="$(MSBuildThisFileDirectory)Levels\test\Obstacle\bean\0.xml">
      <Filter>Levels\test\Obstacle\bean</Filter>
    </Xml>
    <Xml Include="$(MSBuildThisFileDirectory)Levels\test\Obstacle\bean\1.xml">
      <Filter>Levels\test\Obstacle\bean</Filter>
    </Xml>
    <Xml Include="$(MSBuildThisFileDirectory)Levels\test\Obstacle\dream\0.xml">
      <Filter>Levels\test\Obstacle\dream</Filter>
    </Xml>
    <Xml Include="$(MSBuildThisFileDirectory)Levels\test\Obstacle\dream\1.xml">
      <Filter>Levels\test\Obstacle\dream</Filter>
    </Xml>
    <Xml Include="$(MSBuildThisFileDirectory)Levels\test\Obstacle\nightmare\0.xml">
      <Filter>Levels\test\Obstacle\nightmare</Filter>
    </Xml>
    <Xml Include="$(MSBuildThisFileDirectory)Levels\test\Obstacle\nightmare\1.xml">
      <Filter>Levels\test\Obstacle\nightmare</Filter>
    </Xml>
  </ItemGroup>
</Project>